
Microsoft Visual Studio Solution File, Format Version 12.00
# Visual Studio Version 17
VisualStudioVersion = 17.4.33213.308
MinimumVisualStudioVersion = 10.0.40219.1
Project("{FAE04EC0-301F-11D3-BF4B-00C04F79EFBC}") = "LanchesMac", "LanchesMac\LanchesMac.csproj", "{2C1DCA14-E920-4B96-9ECC-0BBDBA7B671E}"
EndProject
Global
	GlobalSection(SolutionConfigurationPlatforms) = preSolution
		Debug|Any CPU = Debug|Any CPU
		Release|Any CPU = Release|Any CPU
	EndGlobalSection
	GlobalSection(ProjectConfigurationPlatforms) = postSolution
		{2C1DCA14-E920-4B96-9ECC-0BBDBA7B671E}.Debug|Any CPU.ActiveCfg = Debug|Any CPU
		{2C1DCA14-E920-4B96-9ECC-0BBDBA7B671E}.Debug|Any CPU.Build.0 = Debug|Any CPU
		{2C1DCA14-E920-4B96-9ECC-0BBDBA7B671E}.Release|Any CPU.ActiveCfg = Release|Any CPU
		{2C1DCA14-E920-4B96-9ECC-0BBDBA7B671E}.Release|Any CPU.Build.0 = Release|Any CPU
	EndGlobalSection
	GlobalSection(SolutionProperties) = preSolution
		HideSolutionNode = FALSE
	EndGlobalSection
	GlobalSection(ExtensibilityGlobals) = postSolution
		SolutionGuid = {D432CBCF-3F00-4DF0-AD2D-9576F6584FE6}
	EndGlobalSection
EndGlobal
